// !$*UTF8*$!
{
	archiveVersion = 1;
	classes = {
	};
	objectVersion = 46;
	objects = {

/* Begin PBXBuildFile section */
		1A920C1DF12D4514B691447A /* libPods.a in Frameworks */ = {isa = PBXBuildFile; fileRef = DFA7DB616217410D82E78B27 /* libPods.a */; };
		F45CDDA119124E3700CB06A8 /* Foundation.framework in Frameworks */ = {isa = PBXBuildFile; fileRef = F45CDDA019124E3700CB06A8 /* Foundation.framework */; };
		F45CDDA319124E3700CB06A8 /* CoreGraphics.framework in Frameworks */ = {isa = PBXBuildFile; fileRef = F45CDDA219124E3700CB06A8 /* CoreGraphics.framework */; };
		F45CDDA519124E3700CB06A8 /* UIKit.framework in Frameworks */ = {isa = PBXBuildFile; fileRef = F45CDDA419124E3700CB06A8 /* UIKit.framework */; };
		F45CDDAB19124E3700CB06A8 /* InfoPlist.strings in Resources */ = {isa = PBXBuildFile; fileRef = F45CDDA919124E3700CB06A8 /* InfoPlist.strings */; };
		F45CDDAD19124E3700CB06A8 /* main.m in Sources */ = {isa = PBXBuildFile; fileRef = F45CDDAC19124E3700CB06A8 /* main.m */; };
		F45CDDB119124E3700CB06A8 /* SCAppDelegate.m in Sources */ = {isa = PBXBuildFile; fileRef = F45CDDB019124E3700CB06A8 /* SCAppDelegate.m */; };
		F45CDDB419124E3700CB06A8 /* Main.storyboard in Resources */ = {isa = PBXBuildFile; fileRef = F45CDDB219124E3700CB06A8 /* Main.storyboard */; };
		F45CDDB719124E3700CB06A8 /* SCViewController.m in Sources */ = {isa = PBXBuildFile; fileRef = F45CDDB619124E3700CB06A8 /* SCViewController.m */; };
		F45CDDB919124E3700CB06A8 /* Images.xcassets in Resources */ = {isa = PBXBuildFile; fileRef = F45CDDB819124E3700CB06A8 /* Images.xcassets */; };
		F45CDDC019124E3700CB06A8 /* XCTest.framework in Frameworks */ = {isa = PBXBuildFile; fileRef = F45CDDBF19124E3700CB06A8 /* XCTest.framework */; };
		F45CDDC119124E3700CB06A8 /* Foundation.framework in Frameworks */ = {isa = PBXBuildFile; fileRef = F45CDDA019124E3700CB06A8 /* Foundation.framework */; };
		F45CDDC219124E3700CB06A8 /* UIKit.framework in Frameworks */ = {isa = PBXBuildFile; fileRef = F45CDDA419124E3700CB06A8 /* UIKit.framework */; };
		F45CDDCA19124E3700CB06A8 /* InfoPlist.strings in Resources */ = {isa = PBXBuildFile; fileRef = F45CDDC819124E3700CB06A8 /* InfoPlist.strings */; };
		F45CDDCC19124E3700CB06A8 /* PopGoesShinobiTests.m in Sources */ = {isa = PBXBuildFile; fileRef = F45CDDCB19124E3700CB06A8 /* PopGoesShinobiTests.m */; };
		F45CDDDA191255A100CB06A8 /* CoreText.framework in Frameworks */ = {isa = PBXBuildFile; fileRef = F45CDDD5191255A100CB06A8 /* CoreText.framework */; };
		F45CDDDB191255A100CB06A8 /* libc++.dylib in Frameworks */ = {isa = PBXBuildFile; fileRef = F45CDDD6191255A100CB06A8 /* libc++.dylib */; };
		F45CDDDC191255A100CB06A8 /* OpenGLES.framework in Frameworks */ = {isa = PBXBuildFile; fileRef = F45CDDD7191255A100CB06A8 /* OpenGLES.framework */; };
		F45CDDDD191255A100CB06A8 /* Security.framework in Frameworks */ = {isa = PBXBuildFile; fileRef = F45CDDD8191255A100CB06A8 /* Security.framework */; };
		F45CDDDE191255A100CB06A8 /* ShinobiCharts.framework in Frameworks */ = {isa = PBXBuildFile; fileRef = F45CDDD9191255A100CB06A8 /* ShinobiCharts.framework */; };
		F45CDDE2191256E200CB06A8 /* SCAnimatingDataSource.m in Sources */ = {isa = PBXBuildFile; fileRef = F45CDDE1191256E200CB06A8 /* SCAnimatingDataSource.m */; };
/* End PBXBuildFile section */

/* Begin PBXContainerItemProxy section */
		F45CDDC319124E3700CB06A8 /* PBXContainerItemProxy */ = {
			isa = PBXContainerItemProxy;
			containerPortal = F45CDD9519124E3700CB06A8 /* Project object */;
			proxyType = 1;
			remoteGlobalIDString = F45CDD9C19124E3700CB06A8;
			remoteInfo = PopGoesShinobi;
		};
/* End PBXContainerItemProxy section */

/* Begin PBXFileReference section */
		617C2135FF51479C8018FBCD /* Pods.xcconfig */ = {isa = PBXFileReference; includeInIndex = 1; lastKnownFileType = text.xcconfig; name = Pods.xcconfig; path = Pods/Pods.xcconfig; sourceTree = "<group>"; };
		DFA7DB616217410D82E78B27 /* libPods.a */ = {isa = PBXFileReference; explicitFileType = archive.ar; includeInIndex = 0; path = libPods.a; sourceTree = BUILT_PRODUCTS_DIR; };
		F45CDD9D19124E3700CB06A8 /* PopGoesShinobi.app */ = {isa = PBXFileReference; explicitFileType = wrapper.application; includeInIndex = 0; path = PopGoesShinobi.app; sourceTree = BUILT_PRODUCTS_DIR; };
		F45CDDA019124E3700CB06A8 /* Foundation.framework */ = {isa = PBXFileReference; lastKnownFileType = wrapper.framework; name = Foundation.framework; path = System/Library/Frameworks/Foundation.framework; sourceTree = SDKROOT; };
		F45CDDA219124E3700CB06A8 /* CoreGraphics.framework */ = {isa = PBXFileReference; lastKnownFileType = wrapper.framework; name = CoreGraphics.framework; path = System/Library/Frameworks/CoreGraphics.framework; sourceTree = SDKROOT; };
		F45CDDA419124E3700CB06A8 /* UIKit.framework */ = {isa = PBXFileReference; lastKnownFileType = wrapper.framework; name = UIKit.framework; path = System/Library/Frameworks/UIKit.framework; sourceTree = SDKROOT; };
		F45CDDA819124E3700CB06A8 /* PopGoesShinobi-Info.plist */ = {isa = PBXFileReference; lastKnownFileType = text.plist.xml; path = "PopGoesShinobi-Info.plist"; sourceTree = "<group>"; };
		F45CDDAA19124E3700CB06A8 /* en */ = {isa = PBXFileReference; lastKnownFileType = text.plist.strings; name = en; path = en.lproj/InfoPlist.strings; sourceTree = "<group>"; };
		F45CDDAC19124E3700CB06A8 /* main.m */ = {isa = PBXFileReference; lastKnownFileType = sourcecode.c.objc; path = main.m; sourceTree = "<group>"; };
		F45CDDAE19124E3700CB06A8 /* PopGoesShinobi-Prefix.pch */ = {isa = PBXFileReference; lastKnownFileType = sourcecode.c.h; path = "PopGoesShinobi-Prefix.pch"; sourceTree = "<group>"; };
		F45CDDAF19124E3700CB06A8 /* SCAppDelegate.h */ = {isa = PBXFileReference; lastKnownFileType = sourcecode.c.h; path = SCAppDelegate.h; sourceTree = "<group>"; };
		F45CDDB019124E3700CB06A8 /* SCAppDelegate.m */ = {isa = PBXFileReference; lastKnownFileType = sourcecode.c.objc; path = SCAppDelegate.m; sourceTree = "<group>"; };
		F45CDDB319124E3700CB06A8 /* Base */ = {isa = PBXFileReference; lastKnownFileType = file.storyboard; name = Base; path = Base.lproj/Main.storyboard; sourceTree = "<group>"; };
		F45CDDB519124E3700CB06A8 /* SCViewController.h */ = {isa = PBXFileReference; lastKnownFileType = sourcecode.c.h; path = SCViewController.h; sourceTree = "<group>"; };
		F45CDDB619124E3700CB06A8 /* SCViewController.m */ = {isa = PBXFileReference; lastKnownFileType = sourcecode.c.objc; path = SCViewController.m; sourceTree = "<group>"; };
		F45CDDB819124E3700CB06A8 /* Images.xcassets */ = {isa = PBXFileReference; lastKnownFileType = folder.assetcatalog; path = Images.xcassets; sourceTree = "<group>"; };
		F45CDDBE19124E3700CB06A8 /* PopGoesShinobiTests.xctest */ = {isa = PBXFileReference; explicitFileType = wrapper.cfbundle; includeInIndex = 0; path = PopGoesShinobiTests.xctest; sourceTree = BUILT_PRODUCTS_DIR; };
		F45CDDBF19124E3700CB06A8 /* XCTest.framework */ = {isa = PBXFileReference; lastKnownFileType = wrapper.framework; name = XCTest.framework; path = Library/Frameworks/XCTest.framework; sourceTree = DEVELOPER_DIR; };
		F45CDDC719124E3700CB06A8 /* PopGoesShinobiTests-Info.plist */ = {isa = PBXFileReference; lastKnownFileType = text.plist.xml; path = "PopGoesShinobiTests-Info.plist"; sourceTree = "<group>"; };
		F45CDDC919124E3700CB06A8 /* en */ = {isa = PBXFileReference; lastKnownFileType = text.plist.strings; name = en; path = en.lproj/InfoPlist.strings; sourceTree = "<group>"; };
		F45CDDCB19124E3700CB06A8 /* PopGoesShinobiTests.m */ = {isa = PBXFileReference; lastKnownFileType = sourcecode.c.objc; path = PopGoesShinobiTests.m; sourceTree = "<group>"; };
		F45CDDD5191255A100CB06A8 /* CoreText.framework */ = {isa = PBXFileReference; lastKnownFileType = wrapper.framework; name = CoreText.framework; path = System/Library/Frameworks/CoreText.framework; sourceTree = SDKROOT; };
		F45CDDD6191255A100CB06A8 /* libc++.dylib */ = {isa = PBXFileReference; lastKnownFileType = "compiled.mach-o.dylib"; name = "libc++.dylib"; path = "usr/lib/libc++.dylib"; sourceTree = SDKROOT; };
		F45CDDD7191255A100CB06A8 /* OpenGLES.framework */ = {isa = PBXFileReference; lastKnownFileType = wrapper.framework; name = OpenGLES.framework; path = System/Library/Frameworks/OpenGLES.framework; sourceTree = SDKROOT; };
		F45CDDD8191255A100CB06A8 /* Security.framework */ = {isa = PBXFileReference; lastKnownFileType = wrapper.framework; name = Security.framework; path = System/Library/Frameworks/Security.framework; sourceTree = SDKROOT; };
		F45CDDD9191255A100CB06A8 /* ShinobiCharts.framework */ = {isa = PBXFileReference; lastKnownFileType = wrapper.framework; name = ShinobiCharts.framework; path = Library/Frameworks/ShinobiCharts.framework; sourceTree = DEVELOPER_DIR; };
		F45CDDE0191256E200CB06A8 /* SCAnimatingDataSource.h */ = {isa = PBXFileReference; fileEncoding = 4; lastKnownFileType = sourcecode.c.h; path = SCAnimatingDataSource.h; sourceTree = "<group>"; };
		F45CDDE1191256E200CB06A8 /* SCAnimatingDataSource.m */ = {isa = PBXFileReference; fileEncoding = 4; lastKnownFileType = sourcecode.c.objc; path = SCAnimatingDataSource.m; sourceTree = "<group>"; };
/* End PBXFileReference section */

/* Begin PBXFrameworksBuildPhase section */
		F45CDD9A19124E3700CB06A8 /* Frameworks */ = {
			isa = PBXFrameworksBuildPhase;
			buildActionMask = 2147483647;
			files = (
				F45CDDDA191255A100CB06A8 /* CoreText.framework in Frameworks */,
				F45CDDDB191255A100CB06A8 /* libc++.dylib in Frameworks */,
				F45CDDDC191255A100CB06A8 /* OpenGLES.framework in Frameworks */,
				F45CDDDD191255A100CB06A8 /* Security.framework in Frameworks */,
				F45CDDDE191255A100CB06A8 /* ShinobiCharts.framework in Frameworks */,
				F45CDDA319124E3700CB06A8 /* CoreGraphics.framework in Frameworks */,
				F45CDDA519124E3700CB06A8 /* UIKit.framework in Frameworks */,
				F45CDDA119124E3700CB06A8 /* Foundation.framework in Frameworks */,
				1A920C1DF12D4514B691447A /* libPods.a in Frameworks */,
			);
			runOnlyForDeploymentPostprocessing = 0;
		};
		F45CDDBB19124E3700CB06A8 /* Frameworks */ = {
			isa = PBXFrameworksBuildPhase;
			buildActionMask = 2147483647;
			files = (
				F45CDDC019124E3700CB06A8 /* XCTest.framework in Frameworks */,
				F45CDDC219124E3700CB06A8 /* UIKit.framework in Frameworks */,
				F45CDDC119124E3700CB06A8 /* Foundation.framework in Frameworks */,
			);
			runOnlyForDeploymentPostprocessing = 0;
		};
/* End PBXFrameworksBuildPhase section */

/* Begin PBXGroup section */
		F45CDD9419124E3700CB06A8 = {
			isa = PBXGroup;
			children = (
				F45CDDA619124E3700CB06A8 /* PopGoesShinobi */,
				F45CDDC519124E3700CB06A8 /* PopGoesShinobiTests */,
				F45CDD9F19124E3700CB06A8 /* Frameworks */,
				F45CDD9E19124E3700CB06A8 /* Products */,
				617C2135FF51479C8018FBCD /* Pods.xcconfig */,
			);
			indentWidth = 4;
			sourceTree = "<group>";
			tabWidth = 4;
			usesTabs = 0;
		};
		F45CDD9E19124E3700CB06A8 /* Products */ = {
			isa = PBXGroup;
			children = (
				F45CDD9D19124E3700CB06A8 /* PopGoesShinobi.app */,
				F45CDDBE19124E3700CB06A8 /* PopGoesShinobiTests.xctest */,
			);
			name = Products;
			sourceTree = "<group>";
		};
		F45CDD9F19124E3700CB06A8 /* Frameworks */ = {
			isa = PBXGroup;
			children = (
				F45CDDD5191255A100CB06A8 /* CoreText.framework */,
				F45CDDD6191255A100CB06A8 /* libc++.dylib */,
				F45CDDD7191255A100CB06A8 /* OpenGLES.framework */,
				F45CDDD8191255A100CB06A8 /* Security.framework */,
				F45CDDD9191255A100CB06A8 /* ShinobiCharts.framework */,
				F45CDDA019124E3700CB06A8 /* Foundation.framework */,
				F45CDDA219124E3700CB06A8 /* CoreGraphics.framework */,
				F45CDDA419124E3700CB06A8 /* UIKit.framework */,
				F45CDDBF19124E3700CB06A8 /* XCTest.framework */,
				DFA7DB616217410D82E78B27 /* libPods.a */,
			);
			name = Frameworks;
			sourceTree = "<group>";
		};
		F45CDDA619124E3700CB06A8 /* PopGoesShinobi */ = {
			isa = PBXGroup;
			children = (
				F45CDDDF191255A800CB06A8 /* Datasource */,
				F45CDDAF19124E3700CB06A8 /* SCAppDelegate.h */,
				F45CDDB019124E3700CB06A8 /* SCAppDelegate.m */,
				F45CDDB219124E3700CB06A8 /* Main.storyboard */,
				F45CDDB519124E3700CB06A8 /* SCViewController.h */,
				F45CDDB619124E3700CB06A8 /* SCViewController.m */,
				F45CDDB819124E3700CB06A8 /* Images.xcassets */,
				F45CDDA719124E3700CB06A8 /* Supporting Files */,
			);
			path = PopGoesShinobi;
			sourceTree = "<group>";
		};
		F45CDDA719124E3700CB06A8 /* Supporting Files */ = {
			isa = PBXGroup;
			children = (
				F45CDDA819124E3700CB06A8 /* PopGoesShinobi-Info.plist */,
				F45CDDA919124E3700CB06A8 /* InfoPlist.strings */,
				F45CDDAC19124E3700CB06A8 /* main.m */,
				F45CDDAE19124E3700CB06A8 /* PopGoesShinobi-Prefix.pch */,
			);
			name = "Supporting Files";
			sourceTree = "<group>";
		};
		F45CDDC519124E3700CB06A8 /* PopGoesShinobiTests */ = {
			isa = PBXGroup;
			children = (
				F45CDDCB19124E3700CB06A8 /* PopGoesShinobiTests.m */,
				F45CDDC619124E3700CB06A8 /* Supporting Files */,
			);
			path = PopGoesShinobiTests;
			sourceTree = "<group>";
		};
		F45CDDC619124E3700CB06A8 /* Supporting Files */ = {
			isa = PBXGroup;
			children = (
				F45CDDC719124E3700CB06A8 /* PopGoesShinobiTests-Info.plist */,
				F45CDDC819124E3700CB06A8 /* InfoPlist.strings */,
			);
			name = "Supporting Files";
			sourceTree = "<group>";
		};
		F45CDDDF191255A800CB06A8 /* Datasource */ = {
			isa = PBXGroup;
			children = (
				F45CDDE0191256E200CB06A8 /* SCAnimatingDataSource.h */,
				F45CDDE1191256E200CB06A8 /* SCAnimatingDataSource.m */,
			);
			name = Datasource;
			sourceTree = "<group>";
		};
/* End PBXGroup section */

/* Begin PBXNativeTarget section */
		F45CDD9C19124E3700CB06A8 /* PopGoesShinobi */ = {
			isa = PBXNativeTarget;
			buildConfigurationList = F45CDDCF19124E3700CB06A8 /* Build configuration list for PBXNativeTarget "PopGoesShinobi" */;
			buildPhases = (
				860183D2CA4D4A299B2FDDDD /* Check Pods Manifest.lock */,
				F45CDD9919124E3700CB06A8 /* Sources */,
				F45CDD9A19124E3700CB06A8 /* Frameworks */,
				F45CDD9B19124E3700CB06A8 /* Resources */,
				A08406569F3F47F48D10A84A /* Warn for TODO and FIXME comments */,
				4D5A776E7B5044349E656F41 /* Copy Pods Resources */,
			);
			buildRules = (
			);
			dependencies = (
			);
			name = PopGoesShinobi;
			productName = PopGoesShinobi;
			productReference = F45CDD9D19124E3700CB06A8 /* PopGoesShinobi.app */;
			productType = "com.apple.product-type.application";
		};
		F45CDDBD19124E3700CB06A8 /* PopGoesShinobiTests */ = {
			isa = PBXNativeTarget;
			buildConfigurationList = F45CDDD219124E3700CB06A8 /* Build configuration list for PBXNativeTarget "PopGoesShinobiTests" */;
			buildPhases = (
				F45CDDBA19124E3700CB06A8 /* Sources */,
				F45CDDBB19124E3700CB06A8 /* Frameworks */,
				F45CDDBC19124E3700CB06A8 /* Resources */,
			);
			buildRules = (
			);
			dependencies = (
				F45CDDC419124E3700CB06A8 /* PBXTargetDependency */,
			);
			name = PopGoesShinobiTests;
			productName = PopGoesShinobiTests;
			productReference = F45CDDBE19124E3700CB06A8 /* PopGoesShinobiTests.xctest */;
			productType = "com.apple.product-type.bundle.unit-test";
		};
/* End PBXNativeTarget section */

/* Begin PBXProject section */
		F45CDD9519124E3700CB06A8 /* Project object */ = {
			isa = PBXProject;
			attributes = {
				CLASSPREFIX = SC;
				LastUpgradeCheck = 0510;
				ORGANIZATIONNAME = "Shinobi Controls";
				TargetAttributes = {
					F45CDDBD19124E3700CB06A8 = {
						TestTargetID = F45CDD9C19124E3700CB06A8;
					};
				};
			};
			buildConfigurationList = F45CDD9819124E3700CB06A8 /* Build configuration list for PBXProject "PopGoesShinobi" */;
			compatibilityVersion = "Xcode 3.2";
			developmentRegion = English;
			hasScannedForEncodings = 0;
			knownRegions = (
				en,
				Base,
			);
			mainGroup = F45CDD9419124E3700CB06A8;
			productRefGroup = F45CDD9E19124E3700CB06A8 /* Products */;
			projectDirPath = "";
			projectRoot = "";
			targets = (
				F45CDD9C19124E3700CB06A8 /* PopGoesShinobi */,
				F45CDDBD19124E3700CB06A8 /* PopGoesShinobiTests */,
			);
		};
/* End PBXProject section */

/* Begin PBXResourcesBuildPhase section */
		F45CDD9B19124E3700CB06A8 /* Resources */ = {
			isa = PBXResourcesBuildPhase;
			buildActionMask = 2147483647;
			files = (
				F45CDDB919124E3700CB06A8 /* Images.xcassets in Resources */,
				F45CDDAB19124E3700CB06A8 /* InfoPlist.strings in Resources */,
				F45CDDB419124E3700CB06A8 /* Main.storyboard in Resources */,
			);
			runOnlyForDeploymentPostprocessing = 0;
		};
		F45CDDBC19124E3700CB06A8 /* Resources */ = {
			isa = PBXResourcesBuildPhase;
			buildActionMask = 2147483647;
			files = (
				F45CDDCA19124E3700CB06A8 /* InfoPlist.strings in Resources */,
			);
			runOnlyForDeploymentPostprocessing = 0;
		};
/* End PBXResourcesBuildPhase section */

/* Begin PBXShellScriptBuildPhase section */
		4D5A776E7B5044349E656F41 /* Copy Pods Resources */ = {
			isa = PBXShellScriptBuildPhase;
			buildActionMask = 2147483647;
			files = (
			);
			inputPaths = (
			);
			name = "Copy Pods Resources";
			outputPaths = (
			);
			runOnlyForDeploymentPostprocessing = 0;
			shellPath = /bin/sh;
			shellScript = "\"${SRCROOT}/Pods/Pods-resources.sh\"\n";
			showEnvVarsInLog = 0;
		};
		860183D2CA4D4A299B2FDDDD /* Check Pods Manifest.lock */ = {
			isa = PBXShellScriptBuildPhase;
			buildActionMask = 2147483647;
			files = (
			);
			inputPaths = (
			);
			name = "Check Pods Manifest.lock";
			outputPaths = (
			);
			runOnlyForDeploymentPostprocessing = 0;
			shellPath = /bin/sh;
			shellScript = "diff \"${PODS_ROOT}/../Podfile.lock\" \"${PODS_ROOT}/Manifest.lock\" > /dev/null\nif [[ $? != 0 ]] ; then\n    cat << EOM\nerror: The sandbox is not in sync with the Podfile.lock. Run 'pod install' or update your CocoaPods installation.\nEOM\n    exit 1\nfi\n";
			showEnvVarsInLog = 0;
		};
		A08406569F3F47F48D10A84A /* Warn for TODO and FIXME comments */ = {
			isa = PBXShellScriptBuildPhase;
			buildActionMask = 2147483647;
			files = (
			);
			inputPaths = (
			);
			name = "Warn for TODO and FIXME comments";
			outputPaths = (
			);
			runOnlyForDeploymentPostprocessing = 0;
			shellPath = /bin/sh;
			shellScript = "KEYWORDS=\"TODO:|FIXME:|\\?\\?\\?:|\\!\\!\\!:\"\nFILE_EXTENSIONS=\"h|m|mm|c|cpp\"\nfind -E \"${SRCROOT}\" -ipath \"${SRCROOT}/pods\" -prune -o \\( -regex \".*\\.($FILE_EXTENSIONS)$\" \\) -print0 | xargs -0 egrep --with-filename --line-number --only-matching \"($KEYWORDS).*\\$\" | perl -p -e \"s/($KEYWORDS)/ warning: \\$1/\"\n";
		};
/* End PBXShellScriptBuildPhase section */

/* Begin PBXSourcesBuildPhase section */
		F45CDD9919124E3700CB06A8 /* Sources */ = {
			isa = PBXSourcesBuildPhase;
			buildActionMask = 2147483647;
			files = (
				F45CDDB119124E3700CB06A8 /* SCAppDelegate.m in Sources */,
				F45CDDB719124E3700CB06A8 /* SCViewController.m in Sources */,
				F45CDDAD19124E3700CB06A8 /* main.m in Sources */,
				F45CDDE2191256E200CB06A8 /* SCAnimatingDataSource.m in Sources */,
			);
			runOnlyForDeploymentPostprocessing = 0;
		};
		F45CDDBA19124E3700CB06A8 /* Sources */ = {
			isa = PBXSourcesBuildPhase;
			buildActionMask = 2147483647;
			files = (
				F45CDDCC19124E3700CB06A8 /* PopGoesShinobiTests.m in Sources */,
			);
			runOnlyForDeploymentPostprocessing = 0;
		};
/* End PBXSourcesBuildPhase section */

/* Begin PBXTargetDependency section */
		F45CDDC419124E3700CB06A8 /* PBXTargetDependency */ = {
			isa = PBXTargetDependency;
			target = F45CDD9C19124E3700CB06A8 /* PopGoesShinobi */;
			targetProxy = F45CDDC319124E3700CB06A8 /* PBXContainerItemProxy */;
		};
/* End PBXTargetDependency section */

/* Begin PBXVariantGroup section */
		F45CDDA919124E3700CB06A8 /* InfoPlist.strings */ = {
			isa = PBXVariantGroup;
			children = (
				F45CDDAA19124E3700CB06A8 /* en */,
			);
			name = InfoPlist.strings;
			sourceTree = "<group>";
		};
		F45CDDB219124E3700CB06A8 /* Main.storyboard */ = {
			isa = PBXVariantGroup;
			children = (
				F45CDDB319124E3700CB06A8 /* Base */,
			);
			name = Main.storyboard;
			sourceTree = "<group>";
		};
		F45CDDC819124E3700CB06A8 /* InfoPlist.strings */ = {
			isa = PBXVariantGroup;
			children = (
				F45CDDC919124E3700CB06A8 /* en */,
			);
			name = InfoPlist.strings;
			sourceTree = "<group>";
		};
/* End PBXVariantGroup section */

/* Begin XCBuildConfiguration section */
		F45CDDCD19124E3700CB06A8 /* Debug */ = {
			isa = XCBuildConfiguration;
			buildSettings = {
				ALWAYS_SEARCH_USER_PATHS = NO;
				CLANG_CXX_LANGUAGE_STANDARD = "gnu++0x";
				CLANG_CXX_LIBRARY = "libc++";
				CLANG_ENABLE_MODULES = YES;
				CLANG_ENABLE_OBJC_ARC = YES;
				CLANG_WARN_BOOL_CONVERSION = YES;
				CLANG_WARN_CONSTANT_CONVERSION = YES;
				CLANG_WARN_DEPRECATED_OBJC_IMPLEMENTATIONS = YES;
				CLANG_WARN_DIRECT_OBJC_ISA_USAGE = YES_ERROR;
				CLANG_WARN_EMPTY_BODY = YES;
				CLANG_WARN_ENUM_CONVERSION = YES;
				CLANG_WARN_INT_CONVERSION = YES;
				CLANG_WARN_OBJC_IMPLICIT_RETAIN_SELF = YES;
				CLANG_WARN_OBJC_ROOT_CLASS = YES_ERROR;
				CLANG_WARN__DUPLICATE_METHOD_MATCH = YES;
				"CODE_SIGN_IDENTITY[sdk=iphoneos*]" = "iPhone Developer";
				COPY_PHASE_STRIP = NO;
				GCC_C_LANGUAGE_STANDARD = gnu99;
				GCC_DYNAMIC_NO_PIC = NO;
				GCC_OPTIMIZATION_LEVEL = 0;
				GCC_PREPROCESSOR_DEFINITIONS = (
					"DEBUG=1",
					"$(inherited)",
				);
				GCC_SYMBOLS_PRIVATE_EXTERN = NO;
				GCC_WARN_64_TO_32_BIT_CONVERSION = YES;
				GCC_WARN_ABOUT_MISSING_FIELD_INITIALIZERS = YES;
				GCC_WARN_ABOUT_MISSING_NEWLINE = YES;
				GCC_WARN_ABOUT_RETURN_TYPE = YES;
				GCC_WARN_CHECK_SWITCH_STATEMENTS = YES;
				GCC_WARN_INITIALIZER_NOT_FULLY_BRACKETED = YES;
				GCC_WARN_MISSING_PARENTHESES = YES;
				GCC_WARN_SHADOW = YES;
				GCC_WARN_SIGN_COMPARE = YES;
				GCC_WARN_TYPECHECK_CALLS_TO_PRINTF = YES;
				GCC_WARN_UNDECLARED_SELECTOR = YES;
				GCC_WARN_UNINITIALIZED_AUTOS = YES_AGGRESSIVE;
				GCC_WARN_UNUSED_FUNCTION = YES;
				GCC_WARN_UNUSED_LABEL = YES;
				GCC_WARN_UNUSED_VALUE = YES;
				GCC_WARN_UNUSED_VARIABLE = YES;
				IPHONEOS_DEPLOYMENT_TARGET = 7.1;
				ONLY_ACTIVE_ARCH = YES;
				RUN_CLANG_STATIC_ANALYZER = YES;
				SDKROOT = iphoneos;
			};
			name = Debug;
		};
		F45CDDCE19124E3700CB06A8 /* Release */ = {
			isa = XCBuildConfiguration;
			buildSettings = {
				ALWAYS_SEARCH_USER_PATHS = NO;
				CLANG_CXX_LANGUAGE_STANDARD = "gnu++0x";
				CLANG_CXX_LIBRARY = "libc++";
				CLANG_ENABLE_MODULES = YES;
				CLANG_ENABLE_OBJC_ARC = YES;
				CLANG_WARN_BOOL_CONVERSION = YES;
				CLANG_WARN_CONSTANT_CONVERSION = YES;
				CLANG_WARN_DEPRECATED_OBJC_IMPLEMENTATIONS = YES;
				CLANG_WARN_DIRECT_OBJC_ISA_USAGE = YES_ERROR;
				CLANG_WARN_EMPTY_BODY = YES;
				CLANG_WARN_ENUM_CONVERSION = YES;
				CLANG_WARN_INT_CONVERSION = YES;
				CLANG_WARN_OBJC_IMPLICIT_RETAIN_SELF = YES;
				CLANG_WARN_OBJC_ROOT_CLASS = YES_ERROR;
				CLANG_WARN__DUPLICATE_METHOD_MATCH = YES;
				"CODE_SIGN_IDENTITY[sdk=iphoneos*]" = "iPhone Developer";
				COPY_PHASE_STRIP = YES;
				ENABLE_NS_ASSERTIONS = NO;
				GCC_C_LANGUAGE_STANDARD = gnu99;
				GCC_WARN_64_TO_32_BIT_CONVERSION = YES;
				GCC_WARN_ABOUT_MISSING_FIELD_INITIALIZERS = YES;
				GCC_WARN_ABOUT_MISSING_NEWLINE = YES;
				GCC_WARN_ABOUT_RETURN_TYPE = YES;
				GCC_WARN_CHECK_SWITCH_STATEMENTS = YES;
				GCC_WARN_INITIALIZER_NOT_FULLY_BRACKETED = YES;
				GCC_WARN_MISSING_PARENTHESES = YES;
				GCC_WARN_SHADOW = YES;
				GCC_WARN_SIGN_COMPARE = YES;
				GCC_WARN_TYPECHECK_CALLS_TO_PRINTF = YES;
				GCC_WARN_UNDECLARED_SELECTOR = YES;
				GCC_WARN_UNINITIALIZED_AUTOS = YES_AGGRESSIVE;
				GCC_WARN_UNUSED_FUNCTION = YES;
				GCC_WARN_UNUSED_LABEL = YES;
				GCC_WARN_UNUSED_VALUE = YES;
				GCC_WARN_UNUSED_VARIABLE = YES;
				IPHONEOS_DEPLOYMENT_TARGET = 7.1;
				RUN_CLANG_STATIC_ANALYZER = YES;
				SDKROOT = iphoneos;
				VALIDATE_PRODUCT = YES;
			};
			name = Release;
		};
		F45CDDD019124E3700CB06A8 /* Debug */ = {
			isa = XCBuildConfiguration;
			baseConfigurationReference = 617C2135FF51479C8018FBCD /* Pods.xcconfig */;
			buildSettings = {
				ASSETCATALOG_COMPILER_APPICON_NAME = AppIcon;
				ASSETCATALOG_COMPILER_LAUNCHIMAGE_NAME = LaunchImage;
				FRAMEWORK_SEARCH_PATHS = (
					"$(inherited)",
					"$(DEVELOPER_FRAMEWORKS_DIR)",
				);
				GCC_PRECOMPILE_PREFIX_HEADER = YES;
				GCC_PREFIX_HEADER = "PopGoesShinobi/PopGoesShinobi-Prefix.pch";
				INFOPLIST_FILE = "PopGoesShinobi/PopGoesShinobi-Info.plist";
				IPHONEOS_DEPLOYMENT_TARGET = 7.0;
				PRODUCT_NAME = "$(TARGET_NAME)";
				WRAPPER_EXTENSION = app;
			};
			name = Debug;
		};
		F45CDDD119124E3700CB06A8 /* Release */ = {
			isa = XCBuildConfiguration;
			baseConfigurationReference = 617C2135FF51479C8018FBCD /* Pods.xcconfig */;
			buildSettings = {
				ASSETCATALOG_COMPILER_APPICON_NAME = AppIcon;
				ASSETCATALOG_COMPILER_LAUNCHIMAGE_NAME = LaunchImage;
				FRAMEWORK_SEARCH_PATHS = (
					"$(inherited)",
					"$(DEVELOPER_FRAMEWORKS_DIR)",
				);
				GCC_PRECOMPILE_PREFIX_HEADER = YES;
				GCC_PREFIX_HEADER = "PopGoesShinobi/PopGoesShinobi-Prefix.pch";
				INFOPLIST_FILE = "PopGoesShinobi/PopGoesShinobi-Info.plist";
				IPHONEOS_DEPLOYMENT_TARGET = 7.0;
				PRODUCT_NAME = "$(TARGET_NAME)";
				WRAPPER_EXTENSION = app;
			};
			name = Release;
		};
		F45CDDD319124E3700CB06A8 /* Debug */ = {
			isa = XCBuildConfiguration;
			buildSettings = {
				BUNDLE_LOADER = "$(BUILT_PRODUCTS_DIR)/PopGoesShinobi.app/PopGoesShinobi";
				FRAMEWORK_SEARCH_PATHS = (
					"$(SDKROOT)/Developer/Library/Frameworks",
					"$(inherited)",
					"$(DEVELOPER_FRAMEWORKS_DIR)",
				);
				GCC_PRECOMPILE_PREFIX_HEADER = YES;
				GCC_PREFIX_HEADER = "PopGoesShinobi/PopGoesShinobi-Prefix.pch";
				GCC_PREPROCESSOR_DEFINITIONS = (
					"DEBUG=1",
					"$(inherited)",
				);
				INFOPLIST_FILE = "PopGoesShinobiTests/PopGoesShinobiTests-Info.plist";
				PRODUCT_NAME = "$(TARGET_NAME)";
				TEST_HOST = "$(BUNDLE_LOADER)";
				WRAPPER_EXTENSION = xctest;
			};
			name = Debug;
		};
		F45CDDD419124E3700CB06A8 /* Release */ = {
			isa = XCBuildConfiguration;
			buildSettings = {
				BUNDLE_LOADER = "$(BUILT_PRODUCTS_DIR)/PopGoesShinobi.app/PopGoesShinobi";
				FRAMEWORK_SEARCH_PATHS = (
					"$(SDKROOT)/Developer/Library/Frameworks",
					"$(inherited)",
					"$(DEVELOPER_FRAMEWORKS_DIR)",
				);
				GCC_PRECOMPILE_PREFIX_HEADER = YES;
				GCC_PREFIX_HEADER = "PopGoesShinobi/PopGoesShinobi-Prefix.pch";
				INFOPLIST_FILE = "PopGoesShinobiTests/PopGoesShinobiTests-Info.plist";
				PRODUCT_NAME = "$(TARGET_NAME)";
				TEST_HOST = "$(BUNDLE_LOADER)";
				WRAPPER_EXTENSION = xctest;
			};
			name = Release;
		};
/* End XCBuildConfiguration section */

/* Begin XCConfigurationList section */
		F45CDD9819124E3700CB06A8 /* Build configuration list for PBXProject "PopGoesShinobi" */ = {
			isa = XCConfigurationList;
			buildConfigurations = (
				F45CDDCD19124E3700CB06A8 /* Debug */,
				F45CDDCE19124E3700CB06A8 /* Release */,
			);
			defaultConfigurationIsVisible = 0;
			defaultConfigurationName = Release;
		};
		F45CDDCF19124E3700CB06A8 /* Build configuration list for PBXNativeTarget "PopGoesShinobi" */ = {
			isa = XCConfigurationList;
			buildConfigurations = (
				F45CDDD019124E3700CB06A8 /* Debug */,
				F45CDDD119124E3700CB06A8 /* Release */,
			);
			defaultConfigurationIsVisible = 0;
			defaultConfigurationName = Release;
		};
		F45CDDD219124E3700CB06A8 /* Build configuration list for PBXNativeTarget "PopGoesShinobiTests" */ = {
			isa = XCConfigurationList;
			buildConfigurations = (
				F45CDDD319124E3700CB06A8 /* Debug */,
				F45CDDD419124E3700CB06A8 /* Release */,
			);
			defaultConfigurationIsVisible = 0;
			defaultConfigurationName = Release;
		};
/* End XCConfigurationList section */
	};
	rootObject = F45CDD9519124E3700CB06A8 /* Project object */;
}
